Microsoft Visual Studio Solution File, Format Version 12.00
# Visual Studio 2012
Project("{FAE04EC0-301F-11D3-BF4B-00C04F79EFBC}") = "IOCCore", "IOCCore\IOCCore.csproj", "{E120A354-7035-4074-88A0-CCAB252EF66E}"
EndProject
Project("{FAE04EC0-301F-11D3-BF4B-00C04F79EFBC}") = "IOCTests", "IOCTests\IOCTests.csproj", "{D35D090B-32A6-4D89-BACF-1698494A047E}"
EndProject
Project("{FAE04EC0-301F-11D3-BF4B-00C04F79EFBC}") = "ScopesImpl", "Scope\ScopesImpl.csproj", "{C00E2B10-CB43-4C60-ABEC-09976FC747A7}"
EndProject
Project("{FAE04EC0-301F-11D3-BF4B-00C04F79EFBC}") = "ScopesImplTests", "ScopesImplTests\ScopesImplTests.csproj", "{13293CCB-6775-495E-BC5A-32DD6566E11F}"
EndProject
Project("{FAE04EC0-301F-11D3-BF4B-00C04F79EFBC}") = "Object", "Object\Object.csproj", "{3D165C66-7BD4-4117-93E8-6698929C8B8C}"
EndProject
Project("{FAE04EC0-301F-11D3-BF4B-00C04F79EFBC}") = "IOCStrategiesImpl", "IOCStrategiesImpl\IOCStrategiesImpl.csproj", "{1074D46D-88BC-4D61-89A8-CF811107C5E0}"
EndProject
Project("{FAE04EC0-301F-11D3-BF4B-00C04F79EFBC}") = "IOCStrategiesTests", "IOCStrategiesTests\IOCStrategiesTests.csproj", "{8B866A27-C45F-4C78-B3A7-930B1D040F29}"
EndProject
Project("{FAE04EC0-301F-11D3-BF4B-00C04F79EFBC}") = "ProofOfAssumptions", "ProofOfAssumptions\ProofOfAssumptions.csproj", "{8CD8515A-F829-4E6B-B57E-8FABFA155BE6}"
EndProject
Project("{FAE04EC0-301F-11D3-BF4B-00C04F79EFBC}") = "Scopes", "ServiceLocators\Scopes.csproj", "{3E82FCC0-3A58-429C-AB55-D15AD75AACD5}"
EndProject
Project("{FAE04EC0-301F-11D3-BF4B-00C04F79EFBC}") = "ScopesManagerTests", "ScopesManagerTests\ScopesManagerTests.csproj", "{9F9DC5E4-8482-4D67-8DB9-158079D5FBCC}"
EndProject
Project("{FAE04EC0-301F-11D3-BF4B-00C04F79EFBC}") = "ScopesManager", "ScopesManager\ScopesManager.csproj", "{8BF3C417-5C05-4550-A2A6-613DF0B1E4A5}"
EndProject
Project("{FAE04EC0-301F-11D3-BF4B-00C04F79EFBC}") = "IOCImpl", "IOCImpls\IOCImpl.csproj", "{561217AF-F3FC-4ED0-BFC1-7B41FBABE9DB}"
EndProject
Project("{FAE04EC0-301F-11D3-BF4B-00C04F79EFBC}") = "Utils", "Utils\Utils.csproj", "{3CD4A7A4-207C-4996-80D6-5D55A5BA7AD5}"
EndProject
Project("{FAE04EC0-301F-11D3-BF4B-00C04F79EFBC}") = "IOC", "IOC\IOC.csproj", "{BFDDDF19-6C74-4E15-B015-63D3A1E6EF21}"
EndProject
Project("{FAE04EC0-301F-11D3-BF4B-00C04F79EFBC}") = "Sandbox", "Sandbox\Sandbox.csproj", "{0CBFDD1F-13E2-4F14-A0DD-343109A6F1DA}"
EndProject
Project("{FAE04EC0-301F-11D3-BF4B-00C04F79EFBC}") = "IOCCoreTests", "IOCCoreTests\IOCCoreTests.csproj", "{CDF9C153-F488-4767-BD94-6E025ADFA705}"
EndProject
Project("{FAE04EC0-301F-11D3-BF4B-00C04F79EFBC}") = "ScopesTests", "ScopesTests\ScopesTests.csproj", "{0F43B343-9997-4829-AC4B-4A1FDA9325DE}"
EndProject
Global
	GlobalSection(SolutionConfigurationPlatforms) = preSolution
		Debug|Any CPU = Debug|Any CPU
		Release|Any CPU = Release|Any CPU
	EndGlobalSection
	GlobalSection(ProjectConfigurationPlatforms) = postSolution
		{E120A354-7035-4074-88A0-CCAB252EF66E}.Debug|Any CPU.ActiveCfg = Debug|Any CPU
		{E120A354-7035-4074-88A0-CCAB252EF66E}.Debug|Any CPU.Build.0 = Debug|Any CPU
		{E120A354-7035-4074-88A0-CCAB252EF66E}.Release|Any CPU.ActiveCfg = Release|Any CPU
		{E120A354-7035-4074-88A0-CCAB252EF66E}.Release|Any CPU.Build.0 = Release|Any CPU
		{D35D090B-32A6-4D89-BACF-1698494A047E}.Debug|Any CPU.ActiveCfg = Debug|Any CPU
		{D35D090B-32A6-4D89-BACF-1698494A047E}.Debug|Any CPU.Build.0 = Debug|Any CPU
		{D35D090B-32A6-4D89-BACF-1698494A047E}.Release|Any CPU.ActiveCfg = Release|Any CPU
		{D35D090B-32A6-4D89-BACF-1698494A047E}.Release|Any CPU.Build.0 = Release|Any CPU
		{C00E2B10-CB43-4C60-ABEC-09976FC747A7}.Debug|Any CPU.ActiveCfg = Debug|Any CPU
		{C00E2B10-CB43-4C60-ABEC-09976FC747A7}.Debug|Any CPU.Build.0 = Debug|Any CPU
		{C00E2B10-CB43-4C60-ABEC-09976FC747A7}.Release|Any CPU.ActiveCfg = Release|Any CPU
		{C00E2B10-CB43-4C60-ABEC-09976FC747A7}.Release|Any CPU.Build.0 = Release|Any CPU
		{13293CCB-6775-495E-BC5A-32DD6566E11F}.Debug|Any CPU.ActiveCfg = Debug|Any CPU
		{13293CCB-6775-495E-BC5A-32DD6566E11F}.Debug|Any CPU.Build.0 = Debug|Any CPU
		{13293CCB-6775-495E-BC5A-32DD6566E11F}.Release|Any CPU.ActiveCfg = Release|Any CPU
		{13293CCB-6775-495E-BC5A-32DD6566E11F}.Release|Any CPU.Build.0 = Release|Any CPU
		{3D165C66-7BD4-4117-93E8-6698929C8B8C}.Debug|Any CPU.ActiveCfg = Debug|Any CPU
		{3D165C66-7BD4-4117-93E8-6698929C8B8C}.Debug|Any CPU.Build.0 = Debug|Any CPU
		{3D165C66-7BD4-4117-93E8-6698929C8B8C}.Release|Any CPU.ActiveCfg = Release|Any CPU
		{3D165C66-7BD4-4117-93E8-6698929C8B8C}.Release|Any CPU.Build.0 = Release|Any CPU
		{1074D46D-88BC-4D61-89A8-CF811107C5E0}.Debug|Any CPU.ActiveCfg = Debug|Any CPU
		{1074D46D-88BC-4D61-89A8-CF811107C5E0}.Debug|Any CPU.Build.0 = Debug|Any CPU
		{1074D46D-88BC-4D61-89A8-CF811107C5E0}.Release|Any CPU.ActiveCfg = Release|Any CPU
		{1074D46D-88BC-4D61-89A8-CF811107C5E0}.Release|Any CPU.Build.0 = Release|Any CPU
		{8B866A27-C45F-4C78-B3A7-930B1D040F29}.Debug|Any CPU.ActiveCfg = Debug|Any CPU
		{8B866A27-C45F-4C78-B3A7-930B1D040F29}.Debug|Any CPU.Build.0 = Debug|Any CPU
		{8B866A27-C45F-4C78-B3A7-930B1D040F29}.Release|Any CPU.ActiveCfg = Release|Any CPU
		{8B866A27-C45F-4C78-B3A7-930B1D040F29}.Release|Any CPU.Build.0 = Release|Any CPU
		{8CD8515A-F829-4E6B-B57E-8FABFA155BE6}.Debug|Any CPU.ActiveCfg = Debug|Any CPU
		{8CD8515A-F829-4E6B-B57E-8FABFA155BE6}.Debug|Any CPU.Build.0 = Debug|Any CPU
		{8CD8515A-F829-4E6B-B57E-8FABFA155BE6}.Release|Any CPU.ActiveCfg = Release|Any CPU
		{8CD8515A-F829-4E6B-B57E-8FABFA155BE6}.Release|Any CPU.Build.0 = Release|Any CPU
		{3E82FCC0-3A58-429C-AB55-D15AD75AACD5}.Debug|Any CPU.ActiveCfg = Debug|Any CPU
		{3E82FCC0-3A58-429C-AB55-D15AD75AACD5}.Debug|Any CPU.Build.0 = Debug|Any CPU
		{3E82FCC0-3A58-429C-AB55-D15AD75AACD5}.Release|Any CPU.ActiveCfg = Release|Any CPU
		{3E82FCC0-3A58-429C-AB55-D15AD75AACD5}.Release|Any CPU.Build.0 = Release|Any CPU
		{9F9DC5E4-8482-4D67-8DB9-158079D5FBCC}.Debug|Any CPU.ActiveCfg = Debug|Any CPU
		{9F9DC5E4-8482-4D67-8DB9-158079D5FBCC}.Debug|Any CPU.Build.0 = Debug|Any CPU
		{9F9DC5E4-8482-4D67-8DB9-158079D5FBCC}.Release|Any CPU.ActiveCfg = Release|Any CPU
		{9F9DC5E4-8482-4D67-8DB9-158079D5FBCC}.Release|Any CPU.Build.0 = Release|Any CPU
		{8BF3C417-5C05-4550-A2A6-613DF0B1E4A5}.Debug|Any CPU.ActiveCfg = Debug|Any CPU
		{8BF3C417-5C05-4550-A2A6-613DF0B1E4A5}.Debug|Any CPU.Build.0 = Debug|Any CPU
		{8BF3C417-5C05-4550-A2A6-613DF0B1E4A5}.Release|Any CPU.ActiveCfg = Release|Any CPU
		{8BF3C417-5C05-4550-A2A6-613DF0B1E4A5}.Release|Any CPU.Build.0 = Release|Any CPU
		{561217AF-F3FC-4ED0-BFC1-7B41FBABE9DB}.Debug|Any CPU.ActiveCfg = Debug|Any CPU
		{561217AF-F3FC-4ED0-BFC1-7B41FBABE9DB}.Debug|Any CPU.Build.0 = Debug|Any CPU
		{561217AF-F3FC-4ED0-BFC1-7B41FBABE9DB}.Release|Any CPU.ActiveCfg = Release|Any CPU
		{561217AF-F3FC-4ED0-BFC1-7B41FBABE9DB}.Release|Any CPU.Build.0 = Release|Any CPU
		{3CD4A7A4-207C-4996-80D6-5D55A5BA7AD5}.Debug|Any CPU.ActiveCfg = Debug|Any CPU
		{3CD4A7A4-207C-4996-80D6-5D55A5BA7AD5}.Debug|Any CPU.Build.0 = Debug|Any CPU
		{3CD4A7A4-207C-4996-80D6-5D55A5BA7AD5}.Release|Any CPU.ActiveCfg = Release|Any CPU
		{3CD4A7A4-207C-4996-80D6-5D55A5BA7AD5}.Release|Any CPU.Build.0 = Release|Any CPU
		{BFDDDF19-6C74-4E15-B015-63D3A1E6EF21}.Debug|Any CPU.ActiveCfg = Debug|Any CPU
		{BFDDDF19-6C74-4E15-B015-63D3A1E6EF21}.Debug|Any CPU.Build.0 = Debug|Any CPU
		{BFDDDF19-6C74-4E15-B015-63D3A1E6EF21}.Release|Any CPU.ActiveCfg = Release|Any CPU
		{BFDDDF19-6C74-4E15-B015-63D3A1E6EF21}.Release|Any CPU.Build.0 = Release|Any CPU
		{0CBFDD1F-13E2-4F14-A0DD-343109A6F1DA}.Debug|Any CPU.ActiveCfg = Debug|Any CPU
		{0CBFDD1F-13E2-4F14-A0DD-343109A6F1DA}.Debug|Any CPU.Build.0 = Debug|Any CPU
		{0CBFDD1F-13E2-4F14-A0DD-343109A6F1DA}.Release|Any CPU.ActiveCfg = Release|Any CPU
		{0CBFDD1F-13E2-4F14-A0DD-343109A6F1DA}.Release|Any CPU.Build.0 = Release|Any CPU
		{CDF9C153-F488-4767-BD94-6E025ADFA705}.Debug|Any CPU.ActiveCfg = Debug|Any CPU
		{CDF9C153-F488-4767-BD94-6E025ADFA705}.Debug|Any CPU.Build.0 = Debug|Any CPU
		{CDF9C153-F488-4767-BD94-6E025ADFA705}.Release|Any CPU.ActiveCfg = Release|Any CPU
		{CDF9C153-F488-4767-BD94-6E025ADFA705}.Release|Any CPU.Build.0 = Release|Any CPU
		{0F43B343-9997-4829-AC4B-4A1FDA9325DE}.Debug|Any CPU.ActiveCfg = Debug|Any CPU
		{0F43B343-9997-4829-AC4B-4A1FDA9325DE}.Debug|Any CPU.Build.0 = Debug|Any CPU
		{0F43B343-9997-4829-AC4B-4A1FDA9325DE}.Release|Any CPU.ActiveCfg = Release|Any CPU
		{0F43B343-9997-4829-AC4B-4A1FDA9325DE}.Release|Any CPU.Build.0 = Release|Any CPU
	EndGlobalSection
	GlobalSection(SolutionProperties) = preSolution
		HideSolutionNode = FALSE
	EndGlobalSection
EndGlobal
